
Microsoft Visual Studio Solution File, Format Version 12.00
# Visual Studio Version 17
VisualStudioVersion = 17.5.002.0
MinimumVisualStudioVersion = 10.0.40219.1
Project("{2150E333-8FDC-42A3-9474-1A3956D46DE8}") = "sdk", "sdk", "{7E99389E-9A2E-4525-B2EA-68E467F64B77}"
EndProject
Project("{9A19103F-16F7-4668-BE54-9A1E7A4F7556}") = "Pulumi.K8sdatadog", "sdk\dotnet\Pulumi.K8sdatadog.csproj", "{16BB9CC8-ECA9-4AE9-94FC-FFAA9EF75660}"
EndProject
Global
	GlobalSection(SolutionConfigurationPlatforms) = preSolution
		Debug|Any CPU = Debug|Any CPU
		Release|Any CPU = Release|Any CPU
	EndGlobalSection
	GlobalSection(ProjectConfigurationPlatforms) = postSolution
		{16BB9CC8-ECA9-4AE9-94FC-FFAA9EF75660}.Debug|Any CPU.ActiveCfg = Debug|Any CPU
		{16BB9CC8-ECA9-4AE9-94FC-FFAA9EF75660}.Debug|Any CPU.Build.0 = Debug|Any CPU
		{16BB9CC8-ECA9-4AE9-94FC-FFAA9EF75660}.Release|Any CPU.ActiveCfg = Release|Any CPU
		{16BB9CC8-ECA9-4AE9-94FC-FFAA9EF75660}.Release|Any CPU.Build.0 = Release|Any CPU
	EndGlobalSection
	GlobalSection(SolutionProperties) = preSolution
		HideSolutionNode = FALSE
	EndGlobalSection
	GlobalSection(NestedProjects) = preSolution
		{16BB9CC8-ECA9-4AE9-94FC-FFAA9EF75660} = {7E99389E-9A2E-4525-B2EA-68E467F64B77}
	EndGlobalSection
	GlobalSection(ExtensibilityGlobals) = postSolution
		SolutionGuid = {E74F0374-85D6-4B22-877C-7E9F123AF713}
	EndGlobalSection
EndGlobal
